// !$*UTF8*$!
{
	archiveVersion = 1;
	classes = {
	};
	objectVersion = 55;
	objects = {

/* Begin PBXBuildFile section */
		1ADDF6ED27E86BB400E8F3D9 /* AppDelegate.swift in Sources */ = {isa = PBXBuildFile; fileRef = 1ADDF6EC27E86BB400E8F3D9 /* AppDelegate.swift */; };
		1ADDF6EF27E86BB400E8F3D9 /* SceneDelegate.swift in Sources */ = {isa = PBXBuildFile; fileRef = 1ADDF6EE27E86BB400E8F3D9 /* SceneDelegate.swift */; };
		1ADDF6F127E86BB400E8F3D9 /* ViewController.swift in Sources */ = {isa = PBXBuildFile; fileRef = 1ADDF6F027E86BB400E8F3D9 /* ViewController.swift */; };
		1ADDF6F427E86BB400E8F3D9 /* Main.storyboard in Resources */ = {isa = PBXBuildFile; fileRef = 1ADDF6F227E86BB400E8F3D9 /* Main.storyboard */; };
		1ADDF6F627E86BB600E8F3D9 /* Assets.xcassets in Resources */ = {isa = PBXBuildFile; fileRef = 1ADDF6F527E86BB600E8F3D9 /* Assets.xcassets */; };
		1ADDF6F927E86BB600E8F3D9 /* LaunchScreen.storyboard in Resources */ = {isa = PBXBuildFile; fileRef = 1ADDF6F727E86BB600E8F3D9 /* LaunchScreen.storyboard */; };
		1ADDF70127E86DE500E8F3D9 /* WebViewController.swift in Sources */ = {isa = PBXBuildFile; fileRef = 1ADDF70027E86DE500E8F3D9 /* WebViewController.swift */; };
		1AEBD11727F4370500169283 /* KycResponse.swift in Sources */ = {isa = PBXBuildFile; fileRef = 1AEBD11627F4370500169283 /* KycResponse.swift */; };
		1AEBD11927F44BCF00169283 /* ReportViewController.swift in Sources */ = {isa = PBXBuildFile; fileRef = 1AEBD11827F44BCF00169283 /* ReportViewController.swift */; };
/* End PBXBuildFile section */

/* Begin PBXFileReference section */
		1ADDF6E927E86BB300E8F3D9 /* EkycSample.app */ = {isa = PBXFileReference; explicitFileType = wrapper.application; includeInIndex = 0; path = EkycSample.app; sourceTree = BUILT_PRODUCTS_DIR; };
		1ADDF6EC27E86BB400E8F3D9 /* AppDelegate.swift */ = {isa = PBXFileReference; lastKnownFileType = sourcecode.swift; path = AppDelegate.swift; sourceTree = "<group>"; };
		1ADDF6EE27E86BB400E8F3D9 /* SceneDelegate.swift */ = {isa = PBXFileReference; lastKnownFileType = sourcecode.swift; path = SceneDelegate.swift; sourceTree = "<group>"; };
		1ADDF6F027E86BB400E8F3D9 /* ViewController.swift */ = {isa = PBXFileReference; lastKnownFileType = sourcecode.swift; path = ViewController.swift; sourceTree = "<group>"; };
		1ADDF6F327E86BB400E8F3D9 /* Base */ = {isa = PBXFileReference; lastKnownFileType = file.storyboard; name = Base; path = Base.lproj/Main.storyboard; sourceTree = "<group>"; };
		1ADDF6F527E86BB600E8F3D9 /* Assets.xcassets */ = {isa = PBXFileReference; lastKnownFileType = folder.assetcatalog; path = Assets.xcassets; sourceTree = "<group>"; };
		1ADDF6F827E86BB600E8F3D9 /* Base */ = {isa = PBXFileReference; lastKnownFileType = file.storyboard; name = Base; path = Base.lproj/LaunchScreen.storyboard; sourceTree = "<group>"; };
		1ADDF6FA27E86BB600E8F3D9 /* Info.plist */ = {isa = PBXFileReference; lastKnownFileType = text.plist.xml; path = Info.plist; sourceTree = "<group>"; };
		1ADDF70027E86DE500E8F3D9 /* WebViewController.swift */ = {isa = PBXFileReference; lastKnownFileType = sourcecode.swift; path = WebViewController.swift; sourceTree = "<group>"; };
		1AEBD11627F4370500169283 /* KycResponse.swift */ = {isa = PBXFileReference; lastKnownFileType = sourcecode.swift; path = KycResponse.swift; sourceTree = "<group>"; };
		1AEBD11827F44BCF00169283 /* ReportViewController.swift */ = {isa = PBXFileReference; lastKnownFileType = sourcecode.swift; path = ReportViewController.swift; sourceTree = "<group>"; };
/* End PBXFileReference section */

/* Begin PBXFrameworksBuildPhase section */
		1ADDF6E627E86BB300E8F3D9 /* Frameworks */ = {
			isa = PBXFrameworksBuildPhase;
			buildActionMask = 2147483647;
			files = (
			);
			runOnlyForDeploymentPostprocessing = 0;
		};
/* End PBXFrameworksBuildPhase section */

/* Begin PBXGroup section */
		1ADDF6E027E86BB300E8F3D9 = {
			isa = PBXGroup;
			children = (
				1ADDF6EB27E86BB300E8F3D9 /* EkycSample */,
				1ADDF6EA27E86BB300E8F3D9 /* Products */,
			);
			sourceTree = "<group>";
		};
		1ADDF6EA27E86BB300E8F3D9 /* Products */ = {
			isa = PBXGroup;
			children = (
				1ADDF6E927E86BB300E8F3D9 /* EkycSample.app */,
			);
			name = Products;
			sourceTree = "<group>";
		};
		1ADDF6EB27E86BB300E8F3D9 /* EkycSample */ = {
			isa = PBXGroup;
			children = (
				1ADDF6F027E86BB400E8F3D9 /* ViewController.swift */,
				1ADDF70027E86DE500E8F3D9 /* WebViewController.swift */,
				1AEBD11827F44BCF00169283 /* ReportViewController.swift */,
				1AEBD11627F4370500169283 /* KycResponse.swift */,
				1ADDF70327E86DFF00E8F3D9 /* Resources */,
				1ADDF6EC27E86BB400E8F3D9 /* AppDelegate.swift */,
				1ADDF6EE27E86BB400E8F3D9 /* SceneDelegate.swift */,
				1ADDF6FA27E86BB600E8F3D9 /* Info.plist */,
			);
			path = EkycSample;
			sourceTree = "<group>";
		};
		1ADDF70327E86DFF00E8F3D9 /* Resources */ = {
			isa = PBXGroup;
			children = (
				1ADDF6F227E86BB400E8F3D9 /* Main.storyboard */,
				1ADDF6F527E86BB600E8F3D9 /* Assets.xcassets */,
				1ADDF6F727E86BB600E8F3D9 /* LaunchScreen.storyboard */,
			);
			path = Resources;
			sourceTree = "<group>";
		};
/* End PBXGroup section */

/* Begin PBXNativeTarget section */
		1ADDF6E827E86BB300E8F3D9 /* EkycSample */ = {
			isa = PBXNativeTarget;
			buildConfigurationList = 1ADDF6FD27E86BB600E8F3D9 /* Build configuration list for PBXNativeTarget "EkycSample" */;
			buildPhases = (
				1ADDF6E527E86BB300E8F3D9 /* Sources */,
				1ADDF6E627E86BB300E8F3D9 /* Frameworks */,
				1ADDF6E727E86BB300E8F3D9 /* Resources */,
			);
			buildRules = (
			);
			dependencies = (
			);
			name = EkycSample;
			productName = EkycSample;
			productReference = 1ADDF6E927E86BB300E8F3D9 /* EkycSample.app */;
			productType = "com.apple.product-type.application";
		};
/* End PBXNativeTarget section */

/* Begin PBXProject section */
		1ADDF6E127E86BB300E8F3D9 /* Project object */ = {
			isa = PBXProject;
			attributes = {
				BuildIndependentTargetsInParallel = 1;
				LastSwiftUpdateCheck = 1320;
				LastUpgradeCheck = 1320;
				TargetAttributes = {
					1ADDF6E827E86BB300E8F3D9 = {
						CreatedOnToolsVersion = 13.2.1;
					};
				};
			};
			buildConfigurationList = 1ADDF6E427E86BB300E8F3D9 /* Build configuration list for PBXProject "EkycSample" */;
			compatibilityVersion = "Xcode 13.0";
			developmentRegion = en;
			hasScannedForEncodings = 0;
			knownRegions = (
				en,
				Base,
			);
			mainGroup = 1ADDF6E027E86BB300E8F3D9;
			productRefGroup = 1ADDF6EA27E86BB300E8F3D9 /* Products */;
			projectDirPath = "";
			projectRoot = "";
			targets = (
				1ADDF6E827E86BB300E8F3D9 /* EkycSample */,
			);
		};
/* End PBXProject section */

/* Begin PBXResourcesBuildPhase section */
		1ADDF6E727E86BB300E8F3D9 /* Resources */ = {
			isa = PBXResourcesBuildPhase;
			buildActionMask = 2147483647;
			files = (
				1ADDF6F927E86BB600E8F3D9 /* LaunchScreen.storyboard in Resources */,
				1ADDF6F627E86BB600E8F3D9 /* Assets.xcassets in Resources */,
				1ADDF6F427E86BB400E8F3D9 /* Main.storyboard in Resources */,
			);
			runOnlyForDeploymentPostprocessing = 0;
		};
/* End PBXResourcesBuildPhase section */

/* Begin PBXSourcesBuildPhase section */
		1ADDF6E527E86BB300E8F3D9 /* Sources */ = {
			isa = PBXSourcesBuildPhase;
			buildActionMask = 2147483647;
			files = (
				1ADDF6F127E86BB400E8F3D9 /* ViewController.swift in Sources */,
				1ADDF6ED27E86BB400E8F3D9 /* AppDelegate.swift in Sources */,
				1AEBD11927F44BCF00169283 /* ReportViewController.swift in Sources */,
				1ADDF6EF27E86BB400E8F3D9 /* SceneDelegate.swift in Sources */,
				1ADDF70127E86DE500E8F3D9 /* WebViewController.swift in Sources */,
				1AEBD11727F4370500169283 /* KycResponse.swift in Sources */,
			);
			runOnlyForDeploymentPostprocessing = 0;
		};
/* End PBXSourcesBuildPhase section */

/* Begin PBXVariantGroup section */
		1ADDF6F227E86BB400E8F3D9 /* Main.storyboard */ = {
			isa = PBXVariantGroup;
			children = (
				1ADDF6F327E86BB400E8F3D9 /* Base */,
			);
			name = Main.storyboard;
			sourceTree = "<group>";
		};
		1ADDF6F727E86BB600E8F3D9 /* LaunchScreen.storyboard */ = {
			isa = PBXVariantGroup;
			children = (
				1ADDF6F827E86BB600E8F3D9 /* Base */,
			);
			name = LaunchScreen.storyboard;
			sourceTree = "<group>";
		};
/* End PBXVariantGroup section */

/* Begin XCBuildConfiguration section */
		1ADDF6FB27E86BB600E8F3D9 /* Debug */ = {
			isa = XCBuildConfiguration;
			buildSettings = {
				ALWAYS_SEARCH_USER_PATHS = NO;
				CLANG_ANALYZER_NONNULL = YES;
				CLANG_ANALYZER_NUMBER_OBJECT_CONVERSION = YES_AGGRESSIVE;
				CLANG_CXX_LANGUAGE_STANDARD = "gnu++17";
				CLANG_CXX_LIBRARY = "libc++";
				CLANG_ENABLE_MODULES = YES;
				CLANG_ENABLE_OBJC_ARC = YES;
				CLANG_ENABLE_OBJC_WEAK = YES;
				CLANG_WARN_BLOCK_CAPTURE_AUTORELEASING = YES;
				CLANG_WARN_BOOL_CONVERSION = YES;
				CLANG_WARN_COMMA = YES;
				CLANG_WARN_CONSTANT_CONVERSION = YES;
				CLANG_WARN_DEPRECATED_OBJC_IMPLEMENTATIONS = YES;
				CLANG_WARN_DIRECT_OBJC_ISA_USAGE = YES_ERROR;
				CLANG_WARN_DOCUMENTATION_COMMENTS = YES;
				CLANG_WARN_EMPTY_BODY = YES;
				CLANG_WARN_ENUM_CONVERSION = YES;
				CLANG_WARN_INFINITE_RECURSION = YES;
				CLANG_WARN_INT_CONVERSION = YES;
				CLANG_WARN_NON_LITERAL_NULL_CONVERSION = YES;
				CLANG_WARN_OBJC_IMPLICIT_RETAIN_SELF = YES;
				CLANG_WARN_OBJC_LITERAL_CONVERSION = YES;
				CLANG_WARN_OBJC_ROOT_CLASS = YES_ERROR;
				CLANG_WARN_QUOTED_INCLUDE_IN_FRAMEWORK_HEADER = YES;
				CLANG_WARN_RANGE_LOOP_ANALYSIS = YES;
				CLANG_WARN_STRICT_PROTOTYPES = YES;
				CLANG_WARN_SUSPICIOUS_MOVE = YES;
				CLANG_WARN_UNGUARDED_AVAILABILITY = YES_AGGRESSIVE;
				CLANG_WARN_UNREACHABLE_CODE = YES;
				CLANG_WARN__DUPLICATE_METHOD_MATCH = YES;
				COPY_PHASE_STRIP = NO;
				DEBUG_INFORMATION_FORMAT = dwarf;
				ENABLE_STRICT_OBJC_MSGSEND = YES;
				ENABLE_TESTABILITY = YES;
				GCC_C_LANGUAGE_STANDARD = gnu11;
				GCC_DYNAMIC_NO_PIC = NO;
				GCC_NO_COMMON_BLOCKS = YES;
				GCC_OPTIMIZATION_LEVEL = 0;
				GCC_PREPROCESSOR_DEFINITIONS = (
					"DEBUG=1",
					"$(inherited)",
				);
				GCC_WARN_64_TO_32_BIT_CONVERSION = YES;
				GCC_WARN_ABOUT_RETURN_TYPE = YES_ERROR;
				GCC_WARN_UNDECLARED_SELECTOR = YES;
				GCC_WARN_UNINITIALIZED_AUTOS = YES_AGGRESSIVE;
				GCC_WARN_UNUSED_FUNCTION = YES;
				GCC_WARN_UNUSED_VARIABLE = YES;
				IPHONEOS_DEPLOYMENT_TARGET = 13.0;
				MTL_ENABLE_DEBUG_INFO = INCLUDE_SOURCE;
				MTL_FAST_MATH = YES;
				ONLY_ACTIVE_ARCH = YES;
				SDKROOT = iphoneos;
				SWIFT_ACTIVE_COMPILATION_CONDITIONS = DEBUG;
				SWIFT_OPTIMIZATION_LEVEL = "-Onone";
			};
			name = Debug;
		};
		1ADDF6FC27E86BB600E8F3D9 /* Release */ = {
			isa = XCBuildConfiguration;
			buildSettings = {
				ALWAYS_SEARCH_USER_PATHS = NO;
				CLANG_ANALYZER_NONNULL = YES;
				CLANG_ANALYZER_NUMBER_OBJECT_CONVERSION = YES_AGGRESSIVE;
				CLANG_CXX_LANGUAGE_STANDARD = "gnu++17";
				CLANG_CXX_LIBRARY = "libc++";
				CLANG_ENABLE_MODULES = YES;
				CLANG_ENABLE_OBJC_ARC = YES;
				CLANG_ENABLE_OBJC_WEAK = YES;
				CLANG_WARN_BLOCK_CAPTURE_AUTORELEASING = YES;
				CLANG_WARN_BOOL_CONVERSION = YES;
				CLANG_WARN_COMMA = YES;
				CLANG_WARN_CONSTANT_CONVERSION = YES;
				CLANG_WARN_DEPRECATED_OBJC_IMPLEMENTATIONS = YES;
				CLANG_WARN_DIRECT_OBJC_ISA_USAGE = YES_ERROR;
				CLANG_WARN_DOCUMENTATION_COMMENTS = YES;
				CLANG_WARN_EMPTY_BODY = YES;
				CLANG_WARN_ENUM_CONVERSION = YES;
				CLANG_WARN_INFINITE_RECURSION = YES;
				CLANG_WARN_INT_CONVERSION = YES;
				CLANG_WARN_NON_LITERAL_NULL_CONVERSION = YES;
				CLANG_WARN_OBJC_IMPLICIT_RETAIN_SELF = YES;
				CLANG_WARN_OBJC_LITERAL_CONVERSION = YES;
				CLANG_WARN_OBJC_ROOT_CLASS = YES_ERROR;
				CLANG_WARN_QUOTED_INCLUDE_IN_FRAMEWORK_HEADER = YES;
				CLANG_WARN_RANGE_LOOP_ANALYSIS = YES;
				CLANG_WARN_STRICT_PROTOTYPES = YES;
				CLANG_WARN_SUSPICIOUS_MOVE = YES;
				CLANG_WARN_UNGUARDED_AVAILABILITY = YES_AGGRESSIVE;
				CLANG_WARN_UNREACHABLE_CODE = YES;
				CLANG_WARN__DUPLICATE_METHOD_MATCH = YES;
				COPY_PHASE_STRIP = NO;
				DEBUG_INFORMATION_FORMAT = "dwarf-with-dsym";
				ENABLE_NS_ASSERTIONS = NO;
				ENABLE_STRICT_OBJC_MSGSEND = YES;
				GCC_C_LANGUAGE_STANDARD = gnu11;
				GCC_NO_COMMON_BLOCKS = YES;
				GCC_WARN_64_TO_32_BIT_CONVERSION = YES;
				GCC_WARN_ABOUT_RETURN_TYPE = YES_ERROR;
				GCC_WARN_UNDECLARED_SELECTOR = YES;
				GCC_WARN_UNINITIALIZED_AUTOS = YES_AGGRESSIVE;
				GCC_WARN_UNUSED_FUNCTION = YES;
				GCC_WARN_UNUSED_VARIABLE = YES;
				IPHONEOS_DEPLOYMENT_TARGET = 13.0;
				MTL_ENABLE_DEBUG_INFO = NO;
				MTL_FAST_MATH = YES;
				SDKROOT = iphoneos;
				SWIFT_COMPILATION_MODE = wholemodule;
				SWIFT_OPTIMIZATION_LEVEL = "-O";
				VALIDATE_PRODUCT = YES;
			};
			name = Release;
		};
		1ADDF6FE27E86BB600E8F3D9 /* Debug */ = {
			isa = XCBuildConfiguration;
			buildSettings = {
				ASSETCATALOG_COMPILER_APPICON_NAME = AppIcon;
				ASSETCATALOG_COMPILER_GLOBAL_ACCENT_COLOR_NAME = AccentColor;
				CODE_SIGN_STYLE = Automatic;
				CURRENT_PROJECT_VERSION = 1;
				DEVELOPMENT_TEAM = G476VT3T47;
				GENERATE_INFOPLIST_FILE = YES;
				INFOPLIST_FILE = EkycSample/Info.plist;
				INFOPLIST_KEY_CFBundleDisplayName = eKYCSample;
				INFOPLIST_KEY_NSCameraUsageDescription = "신분증 및 본인 확인을 위해 카메라를 사용합니다.";
				INFOPLIST_KEY_NSMicrophoneUsageDescription = "신분증 및 본인 확인을 위해 마이크를 사용합니다.";
				INFOPLIST_KEY_UIApplicationSupportsIndirectInputEvents = YES;
				INFOPLIST_KEY_UILaunchStoryboardName = LaunchScreen;
				INFOPLIST_KEY_UIMainStoryboardFile = Main;
				INFOPLIST_KEY_UISupportedInterfaceOrientations_iPad = "UIInterfaceOrientationPortrait UIInterfaceOrientationPortraitUpsideDown UIInterfaceOrientationLandscapeLeft UIInterfaceOrientationLandscapeRight";
				INFOPLIST_KEY_UISupportedInterfaceOrientations_iPhone = "UIInterfaceOrientationPortrait UIInterfaceOrientationLandscapeLeft UIInterfaceOrientationLandscapeRight";
				LD_RUNPATH_SEARCH_PATHS = (
					"$(inherited)",
					"@executable_path/Frameworks",
				);
				MARKETING_VERSION = 1.0;
				PRODUCT_BUNDLE_IDENTIFIER = com.alcherainc.EkycSample;
				PRODUCT_NAME = "$(TARGET_NAME)";
				SWIFT_EMIT_LOC_STRINGS = YES;
				SWIFT_VERSION = 5.0;
				TARGETED_DEVICE_FAMILY = "1,2";
			};
			name = Debug;
		};
		1ADDF6FF27E86BB600E8F3D9 /* Release */ = {
			isa = XCBuildConfiguration;
			buildSettings = {
				ASSETCATALOG_COMPILER_APPICON_NAME = AppIcon;
				ASSETCATALOG_COMPILER_GLOBAL_ACCENT_COLOR_NAME = AccentColor;
				CODE_SIGN_STYLE = Automatic;
				CURRENT_PROJECT_VERSION = 1;
				DEVELOPMENT_TEAM = G476VT3T47;
				GENERATE_INFOPLIST_FILE = YES;
				INFOPLIST_FILE = EkycSample/Info.plist;
				INFOPLIST_KEY_CFBundleDisplayName = eKYCSample;
				INFOPLIST_KEY_NSCameraUsageDescription = "신분증 및 본인 확인을 위해 카메라를 사용합니다.";
				INFOPLIST_KEY_NSMicrophoneUsageDescription = "신분증 및 본인 확인을 위해 마이크를 사용합니다.";
				INFOPLIST_KEY_UIApplicationSupportsIndirectInputEvents = YES;
				INFOPLIST_KEY_UILaunchStoryboardName = LaunchScreen;
				INFOPLIST_KEY_UIMainStoryboardFile = Main;
				INFOPLIST_KEY_UISupportedInterfaceOrientations_iPad = "UIInterfaceOrientationPortrait UIInterfaceOrientationPortraitUpsideDown UIInterfaceOrientationLandscapeLeft UIInterfaceOrientationLandscapeRight";
				INFOPLIST_KEY_UISupportedInterfaceOrientations_iPhone = "UIInterfaceOrientationPortrait UIInterfaceOrientationLandscapeLeft UIInterfaceOrientationLandscapeRight";
				LD_RUNPATH_SEARCH_PATHS = (
					"$(inherited)",
					"@executable_path/Frameworks",
				);
				MARKETING_VERSION = 1.0;
				PRODUCT_BUNDLE_IDENTIFIER = com.alcherainc.EkycSample;
				PRODUCT_NAME = "$(TARGET_NAME)";
				SWIFT_EMIT_LOC_STRINGS = YES;
				SWIFT_VERSION = 5.0;
				TARGETED_DEVICE_FAMILY = "1,2";
			};
			name = Release;
		};
/* End XCBuildConfiguration section */

/* Begin XCConfigurationList section */
		1ADDF6E427E86BB300E8F3D9 /* Build configuration list for PBXProject "EkycSample" */ = {
			isa = XCConfigurationList;
			buildConfigurations = (
				1ADDF6FB27E86BB600E8F3D9 /* Debug */,
				1ADDF6FC27E86BB600E8F3D9 /* Release */,
			);
			defaultConfigurationIsVisible = 0;
			defaultConfigurationName = Release;
		};
		1ADDF6FD27E86BB600E8F3D9 /* Build configuration list for PBXNativeTarget "EkycSample" */ = {
			isa = XCConfigurationList;
			buildConfigurations = (
				1ADDF6FE27E86BB600E8F3D9 /* Debug */,
				1ADDF6FF27E86BB600E8F3D9 /* Release */,
			);
			defaultConfigurationIsVisible = 0;
			defaultConfigurationName = Release;
		};
/* End XCConfigurationList section */
	};
	rootObject = 1ADDF6E127E86BB300E8F3D9 /* Project object */;
}
